{
  "name": "ajs-03-platforms-02",
  "version": "1.0.0",
  "lockfileVersion": 1,
  "requires": true,
  "dependencies": {
    "@lebedevweb/ajs-03-platforms": {
      "version": "1.0.0",
      "resolved": "https://npm.pkg.github.com/download/@lebedevweb/ajs-03-platforms/1.0.0/f25aa9d5c19da09dff84bb4982bef30fcf238b7d94cc141757cb7238bfdc9af2",
      "integrity": "sha512-JUZYSEs5VO7LCpR0cSKhh2wAKPWLkBU7F5Td7qlqw9hZhxYSNXDhKwLouzOhYLf60d8GxGIp4MAUPDoJI07Hgg=="
    }
  }
}
